
Microsoft Visual Studio Solution File, Format Version 12.00
# Visual Studio Version 17
VisualStudioVersion = 17.5.33414.496
MinimumVisualStudioVersion = 10.0.40219.1
Project("{FAE04EC0-301F-11D3-BF4B-00C04F79EFBC}") = "ParImpar", "ParImpar\ParImpar.csproj", "{B5ABCF39-25A5-42A4-A8B0-662E3D077EAC}"
EndProject
Global
	GlobalSection(SolutionConfigurationPlatforms) = preSolution
		Debug|Any CPU = Debug|Any CPU
		Release|Any CPU = Release|Any CPU
	EndGlobalSection
	GlobalSection(ProjectConfigurationPlatforms) = postSolution
		{B5ABCF39-25A5-42A4-A8B0-662E3D077EAC}.Debug|Any CPU.ActiveCfg = Debug|Any CPU
		{B5ABCF39-25A5-42A4-A8B0-662E3D077EAC}.Debug|Any CPU.Build.0 = Debug|Any CPU
		{B5ABCF39-25A5-42A4-A8B0-662E3D077EAC}.Release|Any CPU.ActiveCfg = Release|Any CPU
		{B5ABCF39-25A5-42A4-A8B0-662E3D077EAC}.Release|Any CPU.Build.0 = Release|Any CPU
	EndGlobalSection
	GlobalSection(SolutionProperties) = preSolution
		HideSolutionNode = FALSE
	EndGlobalSection
	GlobalSection(ExtensibilityGlobals) = postSolution
		SolutionGuid = {A10D47B8-CFEB-479A-AD5C-1E154B502C55}
	EndGlobalSection
EndGlobal
